// !$*UTF8*$!
{
	archiveVersion = 1;
	classes = {
	};
	objectVersion = 46;
	objects = {

/* Begin PBXBuildFile section */
		303C2E47183900E600F3B4EC /* cardCartoon.png in Resources */ = {isa = PBXBuildFile; fileRef = 303C2E46183900E600F3B4EC /* cardCartoon.png */; };
		303C2E4918390CA200F3B4EC /* cardFruit.png in Resources */ = {isa = PBXBuildFile; fileRef = 303C2E4818390CA200F3B4EC /* cardFruit.png */; };
		3048447F183A7E0A00C1FEB3 /* pause.png in Resources */ = {isa = PBXBuildFile; fileRef = 3048447E183A7E0A00C1FEB3 /* pause.png */; };
		30484481183A84BD00C1FEB3 /* pause_highlight.png in Resources */ = {isa = PBXBuildFile; fileRef = 30484480183A84BD00C1FEB3 /* pause_highlight.png */; };
		30B469281838ADAB00D34125 /* Foundation.framework in Frameworks */ = {isa = PBXBuildFile; fileRef = 30B469271838ADAB00D34125 /* Foundation.framework */; };
		30B4692A1838ADAB00D34125 /* CoreGraphics.framework in Frameworks */ = {isa = PBXBuildFile; fileRef = 30B469291838ADAB00D34125 /* CoreGraphics.framework */; };
		30B4692C1838ADAB00D34125 /* UIKit.framework in Frameworks */ = {isa = PBXBuildFile; fileRef = 30B4692B1838ADAB00D34125 /* UIKit.framework */; };
		30B469321838ADAB00D34125 /* InfoPlist.strings in Resources */ = {isa = PBXBuildFile; fileRef = 30B469301838ADAB00D34125 /* InfoPlist.strings */; };
		30B469341838ADAB00D34125 /* main.m in Sources */ = {isa = PBXBuildFile; fileRef = 30B469331838ADAB00D34125 /* main.m */; };
		30B469381838ADAC00D34125 /* AppDelegate.m in Sources */ = {isa = PBXBuildFile; fileRef = 30B469371838ADAC00D34125 /* AppDelegate.m */; };
		30B4693B1838ADAC00D34125 /* Main.storyboard in Resources */ = {isa = PBXBuildFile; fileRef = 30B469391838ADAC00D34125 /* Main.storyboard */; };
		30B4693E1838ADAC00D34125 /* ViewController.m in Sources */ = {isa = PBXBuildFile; fileRef = 30B4693D1838ADAC00D34125 /* ViewController.m */; };
		30B469401838ADAC00D34125 /* Images.xcassets in Resources */ = {isa = PBXBuildFile; fileRef = 30B4693F1838ADAC00D34125 /* Images.xcassets */; };
		30B469471838ADAC00D34125 /* XCTest.framework in Frameworks */ = {isa = PBXBuildFile; fileRef = 30B469461838ADAC00D34125 /* XCTest.framework */; };
		30B469481838ADAC00D34125 /* Foundation.framework in Frameworks */ = {isa = PBXBuildFile; fileRef = 30B469271838ADAB00D34125 /* Foundation.framework */; };
		30B469491838ADAC00D34125 /* UIKit.framework in Frameworks */ = {isa = PBXBuildFile; fileRef = 30B4692B1838ADAB00D34125 /* UIKit.framework */; };
		30B469511838ADAC00D34125 /* InfoPlist.strings in Resources */ = {isa = PBXBuildFile; fileRef = 30B4694F1838ADAC00D34125 /* InfoPlist.strings */; };
		30B469531838ADAC00D34125 /* VersusFlopGameTests.m in Sources */ = {isa = PBXBuildFile; fileRef = 30B469521838ADAC00D34125 /* VersusFlopGameTests.m */; };
		30B4695E1838B01500D34125 /* GameViewController.m in Sources */ = {isa = PBXBuildFile; fileRef = 30B4695D1838B01500D34125 /* GameViewController.m */; };
		30B469621838F43F00D34125 /* SingleGameView.m in Sources */ = {isa = PBXBuildFile; fileRef = 30B469611838F43F00D34125 /* SingleGameView.m */; };
		30B469651838F5D200D34125 /* SingleGameViewController.m in Sources */ = {isa = PBXBuildFile; fileRef = 30B469641838F5D200D34125 /* SingleGameViewController.m */; };
/* End PBXBuildFile section */

/* Begin PBXContainerItemProxy section */
		30B4694A1838ADAC00D34125 /* PBXContainerItemProxy */ = {
			isa = PBXContainerItemProxy;
			containerPortal = 30B4691C1838ADAB00D34125 /* Project object */;
			proxyType = 1;
			remoteGlobalIDString = 30B469231838ADAB00D34125;
			remoteInfo = VersusFlopGame;
		};
/* End PBXContainerItemProxy section */

/* Begin PBXFileReference section */
		303C2E46183900E600F3B4EC /* cardCartoon.png */ = {isa = PBXFileReference; lastKnownFileType = image.png; path = cardCartoon.png; sourceTree = "<group>"; };
		303C2E4818390CA200F3B4EC /* cardFruit.png */ = {isa = PBXFileReference; lastKnownFileType = image.png; path = cardFruit.png; sourceTree = "<group>"; };
		3048447E183A7E0A00C1FEB3 /* pause.png */ = {isa = PBXFileReference; lastKnownFileType = image.png; path = pause.png; sourceTree = "<group>"; };
		30484480183A84BD00C1FEB3 /* pause_highlight.png */ = {isa = PBXFileReference; lastKnownFileType = image.png; path = pause_highlight.png; sourceTree = "<group>"; };
		30B469241838ADAB00D34125 /* VersusFlopGame.app */ = {isa = PBXFileReference; explicitFileType = wrapper.application; includeInIndex = 0; path = VersusFlopGame.app; sourceTree = BUILT_PRODUCTS_DIR; };
		30B469271838ADAB00D34125 /* Foundation.framework */ = {isa = PBXFileReference; lastKnownFileType = wrapper.framework; name = Foundation.framework; path = System/Library/Frameworks/Foundation.framework; sourceTree = SDKROOT; };
		30B469291838ADAB00D34125 /* CoreGraphics.framework */ = {isa = PBXFileReference; lastKnownFileType = wrapper.framework; name = CoreGraphics.framework; path = System/Library/Frameworks/CoreGraphics.framework; sourceTree = SDKROOT; };
		30B4692B1838ADAB00D34125 /* UIKit.framework */ = {isa = PBXFileReference; lastKnownFileType = wrapper.framework; name = UIKit.framework; path = System/Library/Frameworks/UIKit.framework; sourceTree = SDKROOT; };
		30B4692F1838ADAB00D34125 /* VersusFlopGame-Info.plist */ = {isa = PBXFileReference; lastKnownFileType = text.plist.xml; path = "VersusFlopGame-Info.plist"; sourceTree = "<group>"; };
		30B469311838ADAB00D34125 /* en */ = {isa = PBXFileReference; lastKnownFileType = text.plist.strings; name = en; path = en.lproj/InfoPlist.strings; sourceTree = "<group>"; };
		30B469331838ADAB00D34125 /* main.m */ = {isa = PBXFileReference; lastKnownFileType = sourcecode.c.objc; path = main.m; sourceTree = "<group>"; };
		30B469351838ADAB00D34125 /* VersusFlopGame-Prefix.pch */ = {isa = PBXFileReference; lastKnownFileType = sourcecode.c.h; path = "VersusFlopGame-Prefix.pch"; sourceTree = "<group>"; };
		30B469361838ADAC00D34125 /* AppDelegate.h */ = {isa = PBXFileReference; lastKnownFileType = sourcecode.c.h; path = AppDelegate.h; sourceTree = "<group>"; };
		30B469371838ADAC00D34125 /* AppDelegate.m */ = {isa = PBXFileReference; lastKnownFileType = sourcecode.c.objc; path = AppDelegate.m; sourceTree = "<group>"; };
		30B4693A1838ADAC00D34125 /* Base */ = {isa = PBXFileReference; lastKnownFileType = file.storyboard; name = Base; path = Base.lproj/Main.storyboard; sourceTree = "<group>"; };
		30B4693C1838ADAC00D34125 /* ViewController.h */ = {isa = PBXFileReference; lastKnownFileType = sourcecode.c.h; path = ViewController.h; sourceTree = "<group>"; };
		30B4693D1838ADAC00D34125 /* ViewController.m */ = {isa = PBXFileReference; lastKnownFileType = sourcecode.c.objc; path = ViewController.m; sourceTree = "<group>"; };
		30B4693F1838ADAC00D34125 /* Images.xcassets */ = {isa = PBXFileReference; lastKnownFileType = folder.assetcatalog; path = Images.xcassets; sourceTree = "<group>"; };
		30B469451838ADAC00D34125 /* VersusFlopGameTests.xctest */ = {isa = PBXFileReference; explicitFileType = wrapper.cfbundle; includeInIndex = 0; path = VersusFlopGameTests.xctest; sourceTree = BUILT_PRODUCTS_DIR; };
		30B469461838ADAC00D34125 /* XCTest.framework */ = {isa = PBXFileReference; lastKnownFileType = wrapper.framework; name = XCTest.framework; path = Library/Frameworks/XCTest.framework; sourceTree = DEVELOPER_DIR; };
		30B4694E1838ADAC00D34125 /* VersusFlopGameTests-Info.plist */ = {isa = PBXFileReference; lastKnownFileType = text.plist.xml; path = "VersusFlopGameTests-Info.plist"; sourceTree = "<group>"; };
		30B469501838ADAC00D34125 /* en */ = {isa = PBXFileReference; lastKnownFileType = text.plist.strings; name = en; path = en.lproj/InfoPlist.strings; sourceTree = "<group>"; };
		30B469521838ADAC00D34125 /* VersusFlopGameTests.m */ = {isa = PBXFileReference; lastKnownFileType = sourcecode.c.objc; path = VersusFlopGameTests.m; sourceTree = "<group>"; };
		30B4695C1838B01500D34125 /* GameViewController.h */ = {isa = PBXFileReference; fileEncoding = 4; lastKnownFileType = sourcecode.c.h; path = GameViewController.h; sourceTree = "<group>"; };
		30B4695D1838B01500D34125 /* GameViewController.m */ = {isa = PBXFileReference; fileEncoding = 4; lastKnownFileType = sourcecode.c.objc; path = GameViewController.m; sourceTree = "<group>"; };
		30B469601838F43F00D34125 /* SingleGameView.h */ = {isa = PBXFileReference; fileEncoding = 4; lastKnownFileType = sourcecode.c.h; path = SingleGameView.h; sourceTree = "<group>"; };
		30B469611838F43F00D34125 /* SingleGameView.m */ = {isa = PBXFileReference; fileEncoding = 4; lastKnownFileType = sourcecode.c.objc; path = SingleGameView.m; sourceTree = "<group>"; };
		30B469631838F5D200D34125 /* SingleGameViewController.h */ = {isa = PBXFileReference; fileEncoding = 4; lastKnownFileType = sourcecode.c.h; path = SingleGameViewController.h; sourceTree = "<group>"; };
		30B469641838F5D200D34125 /* SingleGameViewController.m */ = {isa = PBXFileReference; fileEncoding = 4; lastKnownFileType = sourcecode.c.objc; path = SingleGameViewController.m; sourceTree = "<group>"; };
/* End PBXFileReference section */

/* Begin PBXFrameworksBuildPhase section */
		30B469211838ADAB00D34125 /* Frameworks */ = {
			isa = PBXFrameworksBuildPhase;
			buildActionMask = 2147483647;
			files = (
				30B4692A1838ADAB00D34125 /* CoreGraphics.framework in Frameworks */,
				30B4692C1838ADAB00D34125 /* UIKit.framework in Frameworks */,
				30B469281838ADAB00D34125 /* Foundation.framework in Frameworks */,
			);
			runOnlyForDeploymentPostprocessing = 0;
		};
		30B469421838ADAC00D34125 /* Frameworks */ = {
			isa = PBXFrameworksBuildPhase;
			buildActionMask = 2147483647;
			files = (
				30B469471838ADAC00D34125 /* XCTest.framework in Frameworks */,
				30B469491838ADAC00D34125 /* UIKit.framework in Frameworks */,
				30B469481838ADAC00D34125 /* Foundation.framework in Frameworks */,
			);
			runOnlyForDeploymentPostprocessing = 0;
		};
/* End PBXFrameworksBuildPhase section */

/* Begin PBXGroup section */
		303C2E44183900B700F3B4EC /* Images */ = {
			isa = PBXGroup;
			children = (
				303C2E45183900C100F3B4EC /* theme_1 */,
			);
			name = Images;
			sourceTree = "<group>";
		};
		303C2E45183900C100F3B4EC /* theme_1 */ = {
			isa = PBXGroup;
			children = (
				30484480183A84BD00C1FEB3 /* pause_highlight.png */,
				3048447E183A7E0A00C1FEB3 /* pause.png */,
				303C2E4818390CA200F3B4EC /* cardFruit.png */,
				303C2E46183900E600F3B4EC /* cardCartoon.png */,
			);
			name = theme_1;
			sourceTree = "<group>";
		};
		30B4691B1838ADAB00D34125 = {
			isa = PBXGroup;
			children = (
				30B4692D1838ADAB00D34125 /* VersusFlopGame */,
				30B4694C1838ADAC00D34125 /* VersusFlopGameTests */,
				30B469261838ADAB00D34125 /* Frameworks */,
				30B469251838ADAB00D34125 /* Products */,
			);
			sourceTree = "<group>";
		};
		30B469251838ADAB00D34125 /* Products */ = {
			isa = PBXGroup;
			children = (
				30B469241838ADAB00D34125 /* VersusFlopGame.app */,
				30B469451838ADAC00D34125 /* VersusFlopGameTests.xctest */,
			);
			name = Products;
			sourceTree = "<group>";
		};
		30B469261838ADAB00D34125 /* Frameworks */ = {
			isa = PBXGroup;
			children = (
				30B469271838ADAB00D34125 /* Foundation.framework */,
				30B469291838ADAB00D34125 /* CoreGraphics.framework */,
				30B4692B1838ADAB00D34125 /* UIKit.framework */,
				30B469461838ADAC00D34125 /* XCTest.framework */,
			);
			name = Frameworks;
			sourceTree = "<group>";
		};
		30B4692D1838ADAB00D34125 /* VersusFlopGame */ = {
			isa = PBXGroup;
			children = (
				303C2E44183900B700F3B4EC /* Images */,
				30B4695F1838B02D00D34125 /* Controllers */,
				30B469361838ADAC00D34125 /* AppDelegate.h */,
				30B469371838ADAC00D34125 /* AppDelegate.m */,
				30B469391838ADAC00D34125 /* Main.storyboard */,
				30B4693F1838ADAC00D34125 /* Images.xcassets */,
				30B4692E1838ADAB00D34125 /* Supporting Files */,
			);
			path = VersusFlopGame;
			sourceTree = "<group>";
		};
		30B4692E1838ADAB00D34125 /* Supporting Files */ = {
			isa = PBXGroup;
			children = (
				30B4692F1838ADAB00D34125 /* VersusFlopGame-Info.plist */,
				30B469301838ADAB00D34125 /* InfoPlist.strings */,
				30B469331838ADAB00D34125 /* main.m */,
				30B469351838ADAB00D34125 /* VersusFlopGame-Prefix.pch */,
			);
			name = "Supporting Files";
			sourceTree = "<group>";
		};
		30B4694C1838ADAC00D34125 /* VersusFlopGameTests */ = {
			isa = PBXGroup;
			children = (
				30B469521838ADAC00D34125 /* VersusFlopGameTests.m */,
				30B4694D1838ADAC00D34125 /* Supporting Files */,
			);
			path = VersusFlopGameTests;
			sourceTree = "<group>";
		};
		30B4694D1838ADAC00D34125 /* Supporting Files */ = {
			isa = PBXGroup;
			children = (
				30B4694E1838ADAC00D34125 /* VersusFlopGameTests-Info.plist */,
				30B4694F1838ADAC00D34125 /* InfoPlist.strings */,
			);
			name = "Supporting Files";
			sourceTree = "<group>";
		};
		30B4695F1838B02D00D34125 /* Controllers */ = {
			isa = PBXGroup;
			children = (
				30B4693C1838ADAC00D34125 /* ViewController.h */,
				30B4693D1838ADAC00D34125 /* ViewController.m */,
				30B4695C1838B01500D34125 /* GameViewController.h */,
				30B4695D1838B01500D34125 /* GameViewController.m */,
				30B469601838F43F00D34125 /* SingleGameView.h */,
				30B469611838F43F00D34125 /* SingleGameView.m */,
				30B469631838F5D200D34125 /* SingleGameViewController.h */,
				30B469641838F5D200D34125 /* SingleGameViewController.m */,
			);
			name = Controllers;
			sourceTree = "<group>";
		};
/* End PBXGroup section */

/* Begin PBXNativeTarget section */
		30B469231838ADAB00D34125 /* VersusFlopGame */ = {
			isa = PBXNativeTarget;
			buildConfigurationList = 30B469561838ADAC00D34125 /* Build configuration list for PBXNativeTarget "VersusFlopGame" */;
			buildPhases = (
				30B469201838ADAB00D34125 /* Sources */,
				30B469211838ADAB00D34125 /* Frameworks */,
				30B469221838ADAB00D34125 /* Resources */,
			);
			buildRules = (
			);
			dependencies = (
			);
			name = VersusFlopGame;
			productName = VersusFlopGame;
			productReference = 30B469241838ADAB00D34125 /* VersusFlopGame.app */;
			productType = "com.apple.product-type.application";
		};
		30B469441838ADAC00D34125 /* VersusFlopGameTests */ = {
			isa = PBXNativeTarget;
			buildConfigurationList = 30B469591838ADAC00D34125 /* Build configuration list for PBXNativeTarget "VersusFlopGameTests" */;
			buildPhases = (
				30B469411838ADAC00D34125 /* Sources */,
				30B469421838ADAC00D34125 /* Frameworks */,
				30B469431838ADAC00D34125 /* Resources */,
			);
			buildRules = (
			);
			dependencies = (
				30B4694B1838ADAC00D34125 /* PBXTargetDependency */,
			);
			name = VersusFlopGameTests;
			productName = VersusFlopGameTests;
			productReference = 30B469451838ADAC00D34125 /* VersusFlopGameTests.xctest */;
			productType = "com.apple.product-type.bundle.unit-test";
		};
/* End PBXNativeTarget section */

/* Begin PBXProject section */
		30B4691C1838ADAB00D34125 /* Project object */ = {
			isa = PBXProject;
			attributes = {
				LastUpgradeCheck = 0500;
				ORGANIZATIONNAME = Haoero;
				TargetAttributes = {
					30B469441838ADAC00D34125 = {
						TestTargetID = 30B469231838ADAB00D34125;
					};
				};
			};
			buildConfigurationList = 30B4691F1838ADAB00D34125 /* Build configuration list for PBXProject "VersusFlopGame" */;
			compatibilityVersion = "Xcode 3.2";
			developmentRegion = English;
			hasScannedForEncodings = 0;
			knownRegions = (
				en,
				Base,
			);
			mainGroup = 30B4691B1838ADAB00D34125;
			productRefGroup = 30B469251838ADAB00D34125 /* Products */;
			projectDirPath = "";
			projectRoot = "";
			targets = (
				30B469231838ADAB00D34125 /* VersusFlopGame */,
				30B469441838ADAC00D34125 /* VersusFlopGameTests */,
			);
		};
/* End PBXProject section */

/* Begin PBXResourcesBuildPhase section */
		30B469221838ADAB00D34125 /* Resources */ = {
			isa = PBXResourcesBuildPhase;
			buildActionMask = 2147483647;
			files = (
				303C2E4918390CA200F3B4EC /* cardFruit.png in Resources */,
				30B469401838ADAC00D34125 /* Images.xcassets in Resources */,
				3048447F183A7E0A00C1FEB3 /* pause.png in Resources */,
				30B469321838ADAB00D34125 /* InfoPlist.strings in Resources */,
				303C2E47183900E600F3B4EC /* cardCartoon.png in Resources */,
				30484481183A84BD00C1FEB3 /* pause_highlight.png in Resources */,
				30B4693B1838ADAC00D34125 /* Main.storyboard in Resources */,
			);
			runOnlyForDeploymentPostprocessing = 0;
		};
		30B469431838ADAC00D34125 /* Resources */ = {
			isa = PBXResourcesBuildPhase;
			buildActionMask = 2147483647;
			files = (
				30B469511838ADAC00D34125 /* InfoPlist.strings in Resources */,
			);
			runOnlyForDeploymentPostprocessing = 0;
		};
/* End PBXResourcesBuildPhase section */

/* Begin PBXSourcesBuildPhase section */
		30B469201838ADAB00D34125 /* Sources */ = {
			isa = PBXSourcesBuildPhase;
			buildActionMask = 2147483647;
			files = (
				30B4695E1838B01500D34125 /* GameViewController.m in Sources */,
				30B469621838F43F00D34125 /* SingleGameView.m in Sources */,
				30B4693E1838ADAC00D34125 /* ViewController.m in Sources */,
				30B469381838ADAC00D34125 /* AppDelegate.m in Sources */,
				30B469651838F5D200D34125 /* SingleGameViewController.m in Sources */,
				30B469341838ADAB00D34125 /* main.m in Sources */,
			);
			runOnlyForDeploymentPostprocessing = 0;
		};
		30B469411838ADAC00D34125 /* Sources */ = {
			isa = PBXSourcesBuildPhase;
			buildActionMask = 2147483647;
			files = (
				30B469531838ADAC00D34125 /* VersusFlopGameTests.m in Sources */,
			);
			runOnlyForDeploymentPostprocessing = 0;
		};
/* End PBXSourcesBuildPhase section */

/* Begin PBXTargetDependency section */
		30B4694B1838ADAC00D34125 /* PBXTargetDependency */ = {
			isa = PBXTargetDependency;
			target = 30B469231838ADAB00D34125 /* VersusFlopGame */;
			targetProxy = 30B4694A1838ADAC00D34125 /* PBXContainerItemProxy */;
		};
/* End PBXTargetDependency section */

/* Begin PBXVariantGroup section */
		30B469301838ADAB00D34125 /* InfoPlist.strings */ = {
			isa = PBXVariantGroup;
			children = (
				30B469311838ADAB00D34125 /* en */,
			);
			name = InfoPlist.strings;
			sourceTree = "<group>";
		};
		30B469391838ADAC00D34125 /* Main.storyboard */ = {
			isa = PBXVariantGroup;
			children = (
				30B4693A1838ADAC00D34125 /* Base */,
			);
			name = Main.storyboard;
			sourceTree = "<group>";
		};
		30B4694F1838ADAC00D34125 /* InfoPlist.strings */ = {
			isa = PBXVariantGroup;
			children = (
				30B469501838ADAC00D34125 /* en */,
			);
			name = InfoPlist.strings;
			sourceTree = "<group>";
		};
/* End PBXVariantGroup section */

/* Begin XCBuildConfiguration section */
		30B469541838ADAC00D34125 /* Debug */ = {
			isa = XCBuildConfiguration;
			buildSettings = {
				ALWAYS_SEARCH_USER_PATHS = NO;
				ARCHS = "$(ARCHS_STANDARD_INCLUDING_64_BIT)";
				CLANG_CXX_LANGUAGE_STANDARD = "gnu++0x";
				CLANG_CXX_LIBRARY = "libc++";
				CLANG_ENABLE_MODULES = YES;
				CLANG_ENABLE_OBJC_ARC = YES;
				CLANG_WARN_BOOL_CONVERSION = YES;
				CLANG_WARN_CONSTANT_CONVERSION = YES;
				CLANG_WARN_DIRECT_OBJC_ISA_USAGE = YES_ERROR;
				CLANG_WARN_EMPTY_BODY = YES;
				CLANG_WARN_ENUM_CONVERSION = YES;
				CLANG_WARN_INT_CONVERSION = YES;
				CLANG_WARN_OBJC_ROOT_CLASS = YES_ERROR;
				CLANG_WARN__DUPLICATE_METHOD_MATCH = YES;
				"CODE_SIGN_IDENTITY[sdk=iphoneos*]" = "iPhone Developer";
				COPY_PHASE_STRIP = NO;
				GCC_C_LANGUAGE_STANDARD = gnu99;
				GCC_DYNAMIC_NO_PIC = NO;
				GCC_OPTIMIZATION_LEVEL = 0;
				GCC_PREPROCESSOR_DEFINITIONS = (
					"DEBUG=1",
					"$(inherited)",
				);
				GCC_SYMBOLS_PRIVATE_EXTERN = NO;
				GCC_WARN_64_TO_32_BIT_CONVERSION = YES;
				GCC_WARN_ABOUT_RETURN_TYPE = YES_ERROR;
				GCC_WARN_UNDECLARED_SELECTOR = YES;
				GCC_WARN_UNINITIALIZED_AUTOS = YES;
				GCC_WARN_UNUSED_FUNCTION = YES;
				GCC_WARN_UNUSED_VARIABLE = YES;
				IPHONEOS_DEPLOYMENT_TARGET = 7.0;
				ONLY_ACTIVE_ARCH = YES;
				SDKROOT = iphoneos;
				TARGETED_DEVICE_FAMILY = 2;
			};
			name = Debug;
		};
		30B469551838ADAC00D34125 /* Release */ = {
			isa = XCBuildConfiguration;
			buildSettings = {
				ALWAYS_SEARCH_USER_PATHS = NO;
				ARCHS = "$(ARCHS_STANDARD_INCLUDING_64_BIT)";
				CLANG_CXX_LANGUAGE_STANDARD = "gnu++0x";
				CLANG_CXX_LIBRARY = "libc++";
				CLANG_ENABLE_MODULES = YES;
				CLANG_ENABLE_OBJC_ARC = YES;
				CLANG_WARN_BOOL_CONVERSION = YES;
				CLANG_WARN_CONSTANT_CONVERSION = YES;
				CLANG_WARN_DIRECT_OBJC_ISA_USAGE = YES_ERROR;
				CLANG_WARN_EMPTY_BODY = YES;
				CLANG_WARN_ENUM_CONVERSION = YES;
				CLANG_WARN_INT_CONVERSION = YES;
				CLANG_WARN_OBJC_ROOT_CLASS = YES_ERROR;
				CLANG_WARN__DUPLICATE_METHOD_MATCH = YES;
				"CODE_SIGN_IDENTITY[sdk=iphoneos*]" = "iPhone Developer";
				COPY_PHASE_STRIP = YES;
				ENABLE_NS_ASSERTIONS = NO;
				GCC_C_LANGUAGE_STANDARD = gnu99;
				GCC_WARN_64_TO_32_BIT_CONVERSION = YES;
				GCC_WARN_ABOUT_RETURN_TYPE = YES_ERROR;
				GCC_WARN_UNDECLARED_SELECTOR = YES;
				GCC_WARN_UNINITIALIZED_AUTOS = YES;
				GCC_WARN_UNUSED_FUNCTION = YES;
				GCC_WARN_UNUSED_VARIABLE = YES;
				IPHONEOS_DEPLOYMENT_TARGET = 7.0;
				SDKROOT = iphoneos;
				TARGETED_DEVICE_FAMILY = 2;
				VALIDATE_PRODUCT = YES;
			};
			name = Release;
		};
		30B469571838ADAC00D34125 /* Debug */ = {
			isa = XCBuildConfiguration;
			buildSettings = {
				ASSETCATALOG_COMPILER_APPICON_NAME = AppIcon;
				ASSETCATALOG_COMPILER_LAUNCHIMAGE_NAME = LaunchImage;
				GCC_PRECOMPILE_PREFIX_HEADER = YES;
				GCC_PREFIX_HEADER = "VersusFlopGame/VersusFlopGame-Prefix.pch";
				INFOPLIST_FILE = "VersusFlopGame/VersusFlopGame-Info.plist";
				PRODUCT_NAME = "$(TARGET_NAME)";
				WRAPPER_EXTENSION = app;
			};
			name = Debug;
		};
		30B469581838ADAC00D34125 /* Release */ = {
			isa = XCBuildConfiguration;
			buildSettings = {
				ASSETCATALOG_COMPILER_APPICON_NAME = AppIcon;
				ASSETCATALOG_COMPILER_LAUNCHIMAGE_NAME = LaunchImage;
				GCC_PRECOMPILE_PREFIX_HEADER = YES;
				GCC_PREFIX_HEADER = "VersusFlopGame/VersusFlopGame-Prefix.pch";
				INFOPLIST_FILE = "VersusFlopGame/VersusFlopGame-Info.plist";
				PRODUCT_NAME = "$(TARGET_NAME)";
				WRAPPER_EXTENSION = app;
			};
			name = Release;
		};
		30B4695A1838ADAC00D34125 /* Debug */ = {
			isa = XCBuildConfiguration;
			buildSettings = {
				ARCHS = "$(ARCHS_STANDARD_INCLUDING_64_BIT)";
				BUNDLE_LOADER = "$(BUILT_PRODUCTS_DIR)/VersusFlopGame.app/VersusFlopGame";
				FRAMEWORK_SEARCH_PATHS = (
					"$(SDKROOT)/Developer/Library/Frameworks",
					"$(inherited)",
					"$(DEVELOPER_FRAMEWORKS_DIR)",
				);
				GCC_PRECOMPILE_PREFIX_HEADER = YES;
				GCC_PREFIX_HEADER = "VersusFlopGame/VersusFlopGame-Prefix.pch";
				GCC_PREPROCESSOR_DEFINITIONS = (
					"DEBUG=1",
					"$(inherited)",
				);
				INFOPLIST_FILE = "VersusFlopGameTests/VersusFlopGameTests-Info.plist";
				PRODUCT_NAME = "$(TARGET_NAME)";
				TEST_HOST = "$(BUNDLE_LOADER)";
				WRAPPER_EXTENSION = xctest;
			};
			name = Debug;
		};
		30B4695B1838ADAC00D34125 /* Release */ = {
			isa = XCBuildConfiguration;
			buildSettings = {
				ARCHS = "$(ARCHS_STANDARD_INCLUDING_64_BIT)";
				BUNDLE_LOADER = "$(BUILT_PRODUCTS_DIR)/VersusFlopGame.app/VersusFlopGame";
				FRAMEWORK_SEARCH_PATHS = (
					"$(SDKROOT)/Developer/Library/Frameworks",
					"$(inherited)",
					"$(DEVELOPER_FRAMEWORKS_DIR)",
				);
				GCC_PRECOMPILE_PREFIX_HEADER = YES;
				GCC_PREFIX_HEADER = "VersusFlopGame/VersusFlopGame-Prefix.pch";
				INFOPLIST_FILE = "VersusFlopGameTests/VersusFlopGameTests-Info.plist";
				PRODUCT_NAME = "$(TARGET_NAME)";
				TEST_HOST = "$(BUNDLE_LOADER)";
				WRAPPER_EXTENSION = xctest;
			};
			name = Release;
		};
/* End XCBuildConfiguration section */

/* Begin XCConfigurationList section */
		30B4691F1838ADAB00D34125 /* Build configuration list for PBXProject "VersusFlopGame" */ = {
			isa = XCConfigurationList;
			buildConfigurations = (
				30B469541838ADAC00D34125 /* Debug */,
				30B469551838ADAC00D34125 /* Release */,
			);
			defaultConfigurationIsVisible = 0;
			defaultConfigurationName = Release;
		};
		30B469561838ADAC00D34125 /* Build configuration list for PBXNativeTarget "VersusFlopGame" */ = {
			isa = XCConfigurationList;
			buildConfigurations = (
				30B469571838ADAC00D34125 /* Debug */,
				30B469581838ADAC00D34125 /* Release */,
			);
			defaultConfigurationIsVisible = 0;
			defaultConfigurationName = Release;
		};
		30B469591838ADAC00D34125 /* Build configuration list for PBXNativeTarget "VersusFlopGameTests" */ = {
			isa = XCConfigurationList;
			buildConfigurations = (
				30B4695A1838ADAC00D34125 /* Debug */,
				30B4695B1838ADAC00D34125 /* Release */,
			);
			defaultConfigurationIsVisible = 0;
			defaultConfigurationName = Release;
		};
/* End XCConfigurationList section */
	};
	rootObject = 30B4691C1838ADAB00D34125 /* Project object */;
}
